
Microsoft Visual Studio Solution File, Format Version 12.00
# Visual Studio Version 17
VisualStudioVersion = 17.9.34616.47
MinimumVisualStudioVersion = 10.0.40219.1
Project("{FAE04EC0-301F-11D3-BF4B-00C04F79EFBC}") = "dockerLab", "dockerLab\dockerLab.csproj", "{F86CAA68-6CD2-4FC0-B1F3-F485E7341B14}"
EndProject
Project("{E53339B2-1760-4266-BCC7-CA923CBCF16C}") = "docker-compose", "docker-compose.dcproj", "{17865C48-24F4-498B-A009-86F2C6A94D7E}"
EndProject
Global
	GlobalSection(SolutionConfigurationPlatforms) = preSolution
		Debug|Any CPU = Debug|Any CPU
		Release|Any CPU = Release|Any CPU
	EndGlobalSection
	GlobalSection(ProjectConfigurationPlatforms) = postSolution
		{F86CAA68-6CD2-4FC0-B1F3-F485E7341B14}.Debug|Any CPU.ActiveCfg = Debug|Any CPU
		{F86CAA68-6CD2-4FC0-B1F3-F485E7341B14}.Debug|Any CPU.Build.0 = Debug|Any CPU
		{F86CAA68-6CD2-4FC0-B1F3-F485E7341B14}.Release|Any CPU.ActiveCfg = Release|Any CPU
		{F86CAA68-6CD2-4FC0-B1F3-F485E7341B14}.Release|Any CPU.Build.0 = Release|Any CPU
		{17865C48-24F4-498B-A009-86F2C6A94D7E}.Debug|Any CPU.ActiveCfg = Debug|Any CPU
		{17865C48-24F4-498B-A009-86F2C6A94D7E}.Debug|Any CPU.Build.0 = Debug|Any CPU
		{17865C48-24F4-498B-A009-86F2C6A94D7E}.Release|Any CPU.ActiveCfg = Release|Any CPU
		{17865C48-24F4-498B-A009-86F2C6A94D7E}.Release|Any CPU.Build.0 = Release|Any CPU
	EndGlobalSection
	GlobalSection(SolutionProperties) = preSolution
		HideSolutionNode = FALSE
	EndGlobalSection
	GlobalSection(ExtensibilityGlobals) = postSolution
		SolutionGuid = {8A45F972-5B27-4170-8BEE-1AA4FB90F64A}
	EndGlobalSection
EndGlobal
